
Microsoft Visual Studio Solution File, Format Version 12.00
# Visual Studio 15
VisualStudioVersion = 15.0.26124.0
MinimumVisualStudioVersion = 15.0.26124.0
Project("{2150E333-8FDC-42A3-9474-1A3956D46DE8}") = "src", "src", "{997DDECA-B6DE-40DA-8FA0-BADBBBA18F08}"
EndProject
Project("{FAE04EC0-301F-11D3-BF4B-00C04F79EFBC}") = "DevOpsAPI", "src\DevOpsAPI\DevOpsAPI.csproj", "{BB304D7B-B585-4585-8011-B6F65AE5518D}"
EndProject
Project("{2150E333-8FDC-42A3-9474-1A3956D46DE8}") = "test", "test", "{E578A326-7709-49A4-B177-A7E89F6B0E02}"
EndProject
Project("{FAE04EC0-301F-11D3-BF4B-00C04F79EFBC}") = "DevOpsAPI.Tests", "test\DevOpsAPI.Tests\DevOpsAPI.Tests.csproj", "{3D14B4E9-96E7-4F9A-9E90-C1671699FA58}"
EndProject
Global
	GlobalSection(SolutionConfigurationPlatforms) = preSolution
		Debug|Any CPU = Debug|Any CPU
		Debug|x64 = Debug|x64
		Debug|x86 = Debug|x86
		Release|Any CPU = Release|Any CPU
		Release|x64 = Release|x64
		Release|x86 = Release|x86
	EndGlobalSection
	GlobalSection(SolutionProperties) = preSolution
		HideSolutionNode = FALSE
	EndGlobalSection
	GlobalSection(ProjectConfigurationPlatforms) = postSolution
		{BB304D7B-B585-4585-8011-B6F65AE5518D}.Debug|Any CPU.ActiveCfg = Debug|Any CPU
		{BB304D7B-B585-4585-8011-B6F65AE5518D}.Debug|Any CPU.Build.0 = Debug|Any CPU
		{BB304D7B-B585-4585-8011-B6F65AE5518D}.Debug|x64.ActiveCfg = Debug|Any CPU
		{BB304D7B-B585-4585-8011-B6F65AE5518D}.Debug|x64.Build.0 = Debug|Any CPU
		{BB304D7B-B585-4585-8011-B6F65AE5518D}.Debug|x86.ActiveCfg = Debug|Any CPU
		{BB304D7B-B585-4585-8011-B6F65AE5518D}.Debug|x86.Build.0 = Debug|Any CPU
		{BB304D7B-B585-4585-8011-B6F65AE5518D}.Release|Any CPU.ActiveCfg = Release|Any CPU
		{BB304D7B-B585-4585-8011-B6F65AE5518D}.Release|Any CPU.Build.0 = Release|Any CPU
		{BB304D7B-B585-4585-8011-B6F65AE5518D}.Release|x64.ActiveCfg = Release|Any CPU
		{BB304D7B-B585-4585-8011-B6F65AE5518D}.Release|x64.Build.0 = Release|Any CPU
		{BB304D7B-B585-4585-8011-B6F65AE5518D}.Release|x86.ActiveCfg = Release|Any CPU
		{BB304D7B-B585-4585-8011-B6F65AE5518D}.Release|x86.Build.0 = Release|Any CPU
		{3D14B4E9-96E7-4F9A-9E90-C1671699FA58}.Debug|Any CPU.ActiveCfg = Debug|Any CPU
		{3D14B4E9-96E7-4F9A-9E90-C1671699FA58}.Debug|Any CPU.Build.0 = Debug|Any CPU
		{3D14B4E9-96E7-4F9A-9E90-C1671699FA58}.Debug|x64.ActiveCfg = Debug|Any CPU
		{3D14B4E9-96E7-4F9A-9E90-C1671699FA58}.Debug|x64.Build.0 = Debug|Any CPU
		{3D14B4E9-96E7-4F9A-9E90-C1671699FA58}.Debug|x86.ActiveCfg = Debug|Any CPU
		{3D14B4E9-96E7-4F9A-9E90-C1671699FA58}.Debug|x86.Build.0 = Debug|Any CPU
		{3D14B4E9-96E7-4F9A-9E90-C1671699FA58}.Release|Any CPU.ActiveCfg = Release|Any CPU
		{3D14B4E9-96E7-4F9A-9E90-C1671699FA58}.Release|Any CPU.Build.0 = Release|Any CPU
		{3D14B4E9-96E7-4F9A-9E90-C1671699FA58}.Release|x64.ActiveCfg = Release|Any CPU
		{3D14B4E9-96E7-4F9A-9E90-C1671699FA58}.Release|x64.Build.0 = Release|Any CPU
		{3D14B4E9-96E7-4F9A-9E90-C1671699FA58}.Release|x86.ActiveCfg = Release|Any CPU
		{3D14B4E9-96E7-4F9A-9E90-C1671699FA58}.Release|x86.Build.0 = Release|Any CPU
	EndGlobalSection
	GlobalSection(NestedProjects) = preSolution
		{BB304D7B-B585-4585-8011-B6F65AE5518D} = {997DDECA-B6DE-40DA-8FA0-BADBBBA18F08}
		{3D14B4E9-96E7-4F9A-9E90-C1671699FA58} = {E578A326-7709-49A4-B177-A7E89F6B0E02}
	EndGlobalSection
EndGlobal
